
Microsoft Visual Studio Solution File, Format Version 12.00
# Visual Studio Version 17
VisualStudioVersion = 17.7.34009.444
MinimumVisualStudioVersion = 10.0.40219.1
Project("{9A19103F-16F7-4668-BE54-9A1E7A4F7556}") = "WindowsForm", "WindowsForm.csproj", "{B430CAF7-B645-45BD-869A-0323B55D0FC9}"
EndProject
Project("{FAE04EC0-301F-11D3-BF4B-00C04F79EFBC}") = "Notepad", "..\Notepad\Notepad.csproj", "{472B1048-43E7-45B9-9E14-52459FAB53E7}"
EndProject
Global
	GlobalSection(SolutionConfigurationPlatforms) = preSolution
		Debug|Any CPU = Debug|Any CPU
		Release|Any CPU = Release|Any CPU
	EndGlobalSection
	GlobalSection(ProjectConfigurationPlatforms) = postSolution
		{B430CAF7-B645-45BD-869A-0323B55D0FC9}.Debug|Any CPU.ActiveCfg = Debug|Any CPU
		{B430CAF7-B645-45BD-869A-0323B55D0FC9}.Debug|Any CPU.Build.0 = Debug|Any CPU
		{B430CAF7-B645-45BD-869A-0323B55D0FC9}.Release|Any CPU.ActiveCfg = Release|Any CPU
		{B430CAF7-B645-45BD-869A-0323B55D0FC9}.Release|Any CPU.Build.0 = Release|Any CPU
		{472B1048-43E7-45B9-9E14-52459FAB53E7}.Debug|Any CPU.ActiveCfg = Debug|Any CPU
		{472B1048-43E7-45B9-9E14-52459FAB53E7}.Debug|Any CPU.Build.0 = Debug|Any CPU
		{472B1048-43E7-45B9-9E14-52459FAB53E7}.Release|Any CPU.ActiveCfg = Release|Any CPU
		{472B1048-43E7-45B9-9E14-52459FAB53E7}.Release|Any CPU.Build.0 = Release|Any CPU
	EndGlobalSection
	GlobalSection(SolutionProperties) = preSolution
		HideSolutionNode = FALSE
	EndGlobalSection
	GlobalSection(ExtensibilityGlobals) = postSolution
		SolutionGuid = {C9643811-41E4-482C-84E3-9A9F980C1A9D}
	EndGlobalSection
EndGlobal
